
Microsoft Visual Studio Solution File, Format Version 12.00
# Visual Studio Version 16
VisualStudioVersion = 16.0.30225.117
MinimumVisualStudioVersion = 10.0.40219.1
Project("{FAE04EC0-301F-11D3-BF4B-00C04F79EFBC}") = "YazStaj", "YazStaj\YazStaj.csproj", "{49DFFB04-84E6-47DD-AA75-373FE2FA4B28}"
EndProject
Global
	GlobalSection(SolutionConfigurationPlatforms) = preSolution
		Debug|Any CPU = Debug|Any CPU
		Release|Any CPU = Release|Any CPU
	EndGlobalSection
	GlobalSection(ProjectConfigurationPlatforms) = postSolution
		{49DFFB04-84E6-47DD-AA75-373FE2FA4B28}.Debug|Any CPU.ActiveCfg = Debug|Any CPU
		{49DFFB04-84E6-47DD-AA75-373FE2FA4B28}.Debug|Any CPU.Build.0 = Debug|Any CPU
		{49DFFB04-84E6-47DD-AA75-373FE2FA4B28}.Release|Any CPU.ActiveCfg = Release|Any CPU
		{49DFFB04-84E6-47DD-AA75-373FE2FA4B28}.Release|Any CPU.Build.0 = Release|Any CPU
	EndGlobalSection
	GlobalSection(SolutionProperties) = preSolution
		HideSolutionNode = FALSE
	EndGlobalSection
	GlobalSection(ExtensibilityGlobals) = postSolution
		SolutionGuid = {15D0BD7D-79E3-4FE9-B6AA-922CB6167BE1}
	EndGlobalSection
EndGlobal
